
Microsoft Visual Studio Solution File, Format Version 12.00
Project("{FAE04EC0-301F-11D3-BF4B-00C04F79EFBC}") = "AddinManager", "AddinManager\AddinManager.csproj", "{93D67E0B-0A14-4697-8BEF-0677C3CBF148}"
EndProject
Project("{FAE04EC0-301F-11D3-BF4B-00C04F79EFBC}") = "AddinHostFW", "AddinHostFW\AddinHostFW.csproj", "{4F9F0344-B93F-4C0C-BE47-813D345276CD}"
EndProject
Project("{FAE04EC0-301F-11D3-BF4B-00C04F79EFBC}") = "AddinHostCore", "AddinHostCore\AddinHostCore.csproj", "{712FE601-5197-42C9-9ECF-461FAD02ADDD}"
EndProject
Project("{FAE04EC0-301F-11D3-BF4B-00C04F79EFBC}") = "AddinManagerHostCoreTests", "AddinManagerHostCoreTests\AddinManagerHostCoreTests.csproj", "{EE7656FE-792D-4305-9BF0-25D7E9312820}"
EndProject
Project("{FAE04EC0-301F-11D3-BF4B-00C04F79EFBC}") = "AddinManagerContractTests", "AddinManagerContractTests\AddinManagerContractTests.csproj", "{79EF8DAE-9E97-4EE2-8F22-7A5F6AE5F829}"
EndProject
Project("{FAE04EC0-301F-11D3-BF4B-00C04F79EFBC}") = "AddinManagerClientCoreTests", "AddinManagerClientCoreTests\AddinManagerClientCoreTests.csproj", "{86F9B4D9-7ABC-472C-8D03-07D089FF16A0}"
EndProject
Project("{FAE04EC0-301F-11D3-BF4B-00C04F79EFBC}") = "AddinManager.Core", "AddinManager.Core\AddinManager.Core.csproj", "{A36F9111-0468-47A6-8CF8-519CAE676231}"
EndProject
Project("{2150E333-8FDC-42A3-9474-1A3956D46DE8}") = "Tests", "Tests", "{57D52B60-CACB-4CB0-BF0D-9AC013C1178C}"
EndProject
Project("{FAE04EC0-301F-11D3-BF4B-00C04F79EFBC}") = "AddinManagerTests", "AddinManagerTests\AddinManagerTests.csproj", "{3526547B-9C1B-4874-8EA5-475892308E25}"
EndProject
Project("{2150E333-8FDC-42A3-9474-1A3956D46DE8}") = "Hosts", "Hosts", "{522A6FCD-672E-42B4-95F9-3EA1FBE2F67D}"
EndProject
Global
	GlobalSection(SolutionConfigurationPlatforms) = preSolution
		Debug|Any CPU = Debug|Any CPU
		Release|Any CPU = Release|Any CPU
	EndGlobalSection
	GlobalSection(ProjectConfigurationPlatforms) = postSolution
		{93D67E0B-0A14-4697-8BEF-0677C3CBF148}.Debug|Any CPU.ActiveCfg = Debug|Any CPU
		{93D67E0B-0A14-4697-8BEF-0677C3CBF148}.Debug|Any CPU.Build.0 = Debug|Any CPU
		{93D67E0B-0A14-4697-8BEF-0677C3CBF148}.Release|Any CPU.ActiveCfg = Release|Any CPU
		{93D67E0B-0A14-4697-8BEF-0677C3CBF148}.Release|Any CPU.Build.0 = Release|Any CPU
		{4F9F0344-B93F-4C0C-BE47-813D345276CD}.Debug|Any CPU.ActiveCfg = Debug|Any CPU
		{4F9F0344-B93F-4C0C-BE47-813D345276CD}.Debug|Any CPU.Build.0 = Debug|Any CPU
		{4F9F0344-B93F-4C0C-BE47-813D345276CD}.Release|Any CPU.ActiveCfg = Release|Any CPU
		{4F9F0344-B93F-4C0C-BE47-813D345276CD}.Release|Any CPU.Build.0 = Release|Any CPU
		{712FE601-5197-42C9-9ECF-461FAD02ADDD}.Debug|Any CPU.ActiveCfg = Debug|Any CPU
		{712FE601-5197-42C9-9ECF-461FAD02ADDD}.Debug|Any CPU.Build.0 = Debug|Any CPU
		{712FE601-5197-42C9-9ECF-461FAD02ADDD}.Release|Any CPU.ActiveCfg = Release|Any CPU
		{712FE601-5197-42C9-9ECF-461FAD02ADDD}.Release|Any CPU.Build.0 = Release|Any CPU
		{EE7656FE-792D-4305-9BF0-25D7E9312820}.Debug|Any CPU.ActiveCfg = Debug|Any CPU
		{EE7656FE-792D-4305-9BF0-25D7E9312820}.Debug|Any CPU.Build.0 = Debug|Any CPU
		{EE7656FE-792D-4305-9BF0-25D7E9312820}.Release|Any CPU.ActiveCfg = Release|Any CPU
		{EE7656FE-792D-4305-9BF0-25D7E9312820}.Release|Any CPU.Build.0 = Release|Any CPU
		{79EF8DAE-9E97-4EE2-8F22-7A5F6AE5F829}.Debug|Any CPU.ActiveCfg = Debug|Any CPU
		{79EF8DAE-9E97-4EE2-8F22-7A5F6AE5F829}.Debug|Any CPU.Build.0 = Debug|Any CPU
		{79EF8DAE-9E97-4EE2-8F22-7A5F6AE5F829}.Release|Any CPU.ActiveCfg = Release|Any CPU
		{79EF8DAE-9E97-4EE2-8F22-7A5F6AE5F829}.Release|Any CPU.Build.0 = Release|Any CPU
		{86F9B4D9-7ABC-472C-8D03-07D089FF16A0}.Debug|Any CPU.ActiveCfg = Debug|Any CPU
		{86F9B4D9-7ABC-472C-8D03-07D089FF16A0}.Debug|Any CPU.Build.0 = Debug|Any CPU
		{86F9B4D9-7ABC-472C-8D03-07D089FF16A0}.Release|Any CPU.ActiveCfg = Release|Any CPU
		{86F9B4D9-7ABC-472C-8D03-07D089FF16A0}.Release|Any CPU.Build.0 = Release|Any CPU
		{A36F9111-0468-47A6-8CF8-519CAE676231}.Debug|Any CPU.ActiveCfg = Debug|Any CPU
		{A36F9111-0468-47A6-8CF8-519CAE676231}.Debug|Any CPU.Build.0 = Debug|Any CPU
		{A36F9111-0468-47A6-8CF8-519CAE676231}.Release|Any CPU.ActiveCfg = Release|Any CPU
		{A36F9111-0468-47A6-8CF8-519CAE676231}.Release|Any CPU.Build.0 = Release|Any CPU
		{3526547B-9C1B-4874-8EA5-475892308E25}.Debug|Any CPU.ActiveCfg = Debug|Any CPU
		{3526547B-9C1B-4874-8EA5-475892308E25}.Debug|Any CPU.Build.0 = Debug|Any CPU
		{3526547B-9C1B-4874-8EA5-475892308E25}.Release|Any CPU.ActiveCfg = Release|Any CPU
		{3526547B-9C1B-4874-8EA5-475892308E25}.Release|Any CPU.Build.0 = Release|Any CPU
	EndGlobalSection
	GlobalSection(NestedProjects) = preSolution
		{86F9B4D9-7ABC-472C-8D03-07D089FF16A0} = {57D52B60-CACB-4CB0-BF0D-9AC013C1178C}
		{79EF8DAE-9E97-4EE2-8F22-7A5F6AE5F829} = {57D52B60-CACB-4CB0-BF0D-9AC013C1178C}
		{EE7656FE-792D-4305-9BF0-25D7E9312820} = {57D52B60-CACB-4CB0-BF0D-9AC013C1178C}
		{3526547B-9C1B-4874-8EA5-475892308E25} = {57D52B60-CACB-4CB0-BF0D-9AC013C1178C}
		{712FE601-5197-42C9-9ECF-461FAD02ADDD} = {522A6FCD-672E-42B4-95F9-3EA1FBE2F67D}
		{4F9F0344-B93F-4C0C-BE47-813D345276CD} = {522A6FCD-672E-42B4-95F9-3EA1FBE2F67D}
	EndGlobalSection
EndGlobal
